{
  "name": "etf-flows-scraper",
  "lockfileVersion": 3,
  "requires": true,
  "packages": {
    "": {
      "dependencies": {
        "axios": "^1.7.7",
        "cheerio": "^1.0.0-rc.12"
      }
    },
    "node_modules/axios": {
      "version": "1.7.7",
      "resolved": "https://registry.npmjs.org/axios/-/axios-1.7.7.tgz",
      "integrity": "sha512-S4kL7XrjgBmvdGut0sN3OHv9zR6gP9R3cxiYg0pY3+GOuMCI1k5gLI8rR9wA9r7oZ9+IPZ9bI9vYWSrF+856Q=="
    },
    "node_modules/cheerio": {
      "version": "1.0.0-rc.12",
      "resolved": "https://registry.npmjs.org/cheerio/-/cheerio-1.0.0-rc.12.tgz",
      "integrity": "sha512-VqR8m68vM46BNnuZ5NtnGBKIE/DfNJnTUyZsaq/1k1E2t2zU7X5O9t4w0n3q9i4p5XHQd9+9uwvxezxXzS2OQ=="
    }
  }
}
